
Microsoft Visual Studio Solution File, Format Version 12.00
# Visual Studio Version 17
VisualStudioVersion = 17.8.34330.188
MinimumVisualStudioVersion = 10.0.40219.1
Project("{FAE04EC0-301F-11D3-BF4B-00C04F79EFBC}") = "Backend04", "Backend04\Backend04.csproj", "{7770B688-C21C-4150-9062-5775501865D7}"
EndProject
Global
	GlobalSection(SolutionConfigurationPlatforms) = preSolution
		Debug|Any CPU = Debug|Any CPU
		Release|Any CPU = Release|Any CPU
	EndGlobalSection
	GlobalSection(ProjectConfigurationPlatforms) = postSolution
		{7770B688-C21C-4150-9062-5775501865D7}.Debug|Any CPU.ActiveCfg = Debug|Any CPU
		{7770B688-C21C-4150-9062-5775501865D7}.Debug|Any CPU.Build.0 = Debug|Any CPU
		{7770B688-C21C-4150-9062-5775501865D7}.Release|Any CPU.ActiveCfg = Release|Any CPU
		{7770B688-C21C-4150-9062-5775501865D7}.Release|Any CPU.Build.0 = Release|Any CPU
	EndGlobalSection
	GlobalSection(SolutionProperties) = preSolution
		HideSolutionNode = FALSE
	EndGlobalSection
	GlobalSection(ExtensibilityGlobals) = postSolution
		SolutionGuid = {1435CF60-BB0F-4750-A365-52A46B39F740}
	EndGlobalSection
EndGlobal
